
Microsoft Visual Studio Solution File, Format Version 12.00
# Visual Studio 15
Project("{FAE04EC0-301F-11D3-BF4B-00C04F79EFBC}") = "Assembly-CSharp", "Assembly-CSharp.csproj", "{9B60D8AB-82C5-C276-FCB5-77C05CF9FCA1}"
EndProject
Project("{FAE04EC0-301F-11D3-BF4B-00C04F79EFBC}") = "Assembly-CSharp-Editor", "Assembly-CSharp-Editor.csproj", "{771AC626-A878-C944-1FCD-E4398FA41850}"
EndProject
Global
	GlobalSection(SolutionConfigurationPlatforms) = preSolution
		Debug|Any CPU = Debug|Any CPU
		Release|Any CPU = Release|Any CPU
	EndGlobalSection
	GlobalSection(ProjectConfigurationPlatforms) = postSolution
		{9B60D8AB-82C5-C276-FCB5-77C05CF9FCA1}.Debug|Any CPU.ActiveCfg = Debug|Any CPU
		{9B60D8AB-82C5-C276-FCB5-77C05CF9FCA1}.Debug|Any CPU.Build.0 = Debug|Any CPU
		{9B60D8AB-82C5-C276-FCB5-77C05CF9FCA1}.Release|Any CPU.ActiveCfg = Release|Any CPU
		{9B60D8AB-82C5-C276-FCB5-77C05CF9FCA1}.Release|Any CPU.Build.0 = Release|Any CPU
		{771AC626-A878-C944-1FCD-E4398FA41850}.Debug|Any CPU.ActiveCfg = Debug|Any CPU
		{771AC626-A878-C944-1FCD-E4398FA41850}.Debug|Any CPU.Build.0 = Debug|Any CPU
		{771AC626-A878-C944-1FCD-E4398FA41850}.Release|Any CPU.ActiveCfg = Release|Any CPU
		{771AC626-A878-C944-1FCD-E4398FA41850}.Release|Any CPU.Build.0 = Release|Any CPU
	EndGlobalSection
	GlobalSection(SolutionProperties) = preSolution
		HideSolutionNode = FALSE
	EndGlobalSection
EndGlobal
